github.com/celo-org/celo-bls-go-android v0.3.3 h1:iZ2Gragn3JItkptmppeq1SENmNVc1f1W25UE4u231HY=
github.com/celo-org/celo-bls-go-android v0.3.3/go.mod h1:cFgtFRH8+6x5b+EyG5SqniXY3aKd03NBSGDgITscX34=
github.com/celo-org/celo-bls-go-ios v0.3.3 h1:/yHaEYft9WfXyPIGuJz7V2/r+tp2IqSpkvKsMsVgbuY=
github.com/celo-org/celo-bls-go-ios v0.3.3/go.mod h1:eaSoMpx29YV5oF7jXVChzJpNfxeZHnAa8G4PjL5CyW0=
github.com/celo-org/celo-bls-go-linux v0.3.3 h1:ukSQSIRyFCQeC1i7LJJunRKvlLuG1JMwNZ6DQZC51fE=
github.com/celo-org/celo-bls-go-linux v0.3.3/go.mod h1:DVpJadg22OrxBtMb0ub6iNVdqDBL/r6EDdWVAA0bHa0=
github.com/celo-org/celo-bls-go-macos v0.3.3 h1:H4ZGc+kS3e/w9Q6qru6FtlkYtVDS8eIQgw6UURB/Jlo=
github.com/celo-org/celo-bls-go-macos v0.3.3/go.mod h1:mYPuRqGMVxj6yZUeL6Q6ggtP52HPBS1jz+FvBPXQ7QA=
github.com/celo-org/celo-bls-go-other v0.3.3 h1:/Q9SLJK22hibPm/WI/OPxbBmgXTgUhjUgobfzz7qj/w=
github.com/celo-org/celo-bls-go-other v0.3.3/go.mod h1:tNxZNfekzyT7TdYQbyNPhkfpcYtA3KCU/IKX5FNxM/U=
github.com/celo-org/celo-bls-go-windows v0.3.3 h1:0IP+Ad9l+op50TIfkmFr+j7+TIjKksVROe+EoF7Ixa4=
github.com/celo-org/celo-bls-go-windows v0.3.3/go.mod h1:82GC5iJA9Qw5gynhYqR8ht3J+l/MO8eSNzgSTMI8UdA=
